
Microsoft Visual Studio Solution File, Format Version 12.00
# Visual Studio Version 16
VisualStudioVersion = 16.0.31410.357
MinimumVisualStudioVersion = 10.0.40219.1
Project("{FAE04EC0-301F-11D3-BF4B-00C04F79EFBC}") = "VoiceRecognition", "VoiceRecognition\VoiceRecognition.csproj", "{78D64987-7608-457C-9204-FB81C744C312}"
EndProject
Global
	GlobalSection(SolutionConfigurationPlatforms) = preSolution
		Debug|Any CPU = Debug|Any CPU
		Release|Any CPU = Release|Any CPU
	EndGlobalSection
	GlobalSection(ProjectConfigurationPlatforms) = postSolution
		{78D64987-7608-457C-9204-FB81C744C312}.Debug|Any CPU.ActiveCfg = Debug|Any CPU
		{78D64987-7608-457C-9204-FB81C744C312}.Debug|Any CPU.Build.0 = Debug|Any CPU
		{78D64987-7608-457C-9204-FB81C744C312}.Release|Any CPU.ActiveCfg = Release|Any CPU
		{78D64987-7608-457C-9204-FB81C744C312}.Release|Any CPU.Build.0 = Release|Any CPU
	EndGlobalSection
	GlobalSection(SolutionProperties) = preSolution
		HideSolutionNode = FALSE
	EndGlobalSection
	GlobalSection(ExtensibilityGlobals) = postSolution
		SolutionGuid = {53CB8A88-2F68-4535-B642-52A22DA0D2E2}
	EndGlobalSection
EndGlobal
